// !$*UTF8*$!
{
	archiveVersion = 1;
	classes = {
	};
	objectVersion = 46;
	objects = {

/* Begin PBXBuildFile section */
		5D49A78A1B3773A50092FB08 /* AppDelegate.swift in Sources */ = {isa = PBXBuildFile; fileRef = 5D49A7891B3773A50092FB08 /* AppDelegate.swift */; };
		5D49A78C1B3773A50092FB08 /* GameScene.sks in Resources */ = {isa = PBXBuildFile; fileRef = 5D49A78B1B3773A50092FB08 /* GameScene.sks */; };
		5D49A78E1B3773A50092FB08 /* GameScene.swift in Sources */ = {isa = PBXBuildFile; fileRef = 5D49A78D1B3773A50092FB08 /* GameScene.swift */; };
		5D49A7901B3773A50092FB08 /* GameViewController.swift in Sources */ = {isa = PBXBuildFile; fileRef = 5D49A78F1B3773A50092FB08 /* GameViewController.swift */; };
		5D49A7931B3773A50092FB08 /* Main.storyboard in Resources */ = {isa = PBXBuildFile; fileRef = 5D49A7911B3773A50092FB08 /* Main.storyboard */; };
		5D49A7951B3773A50092FB08 /* Images.xcassets in Resources */ = {isa = PBXBuildFile; fileRef = 5D49A7941B3773A50092FB08 /* Images.xcassets */; };
		5D49A7981B3773A50092FB08 /* LaunchScreen.xib in Resources */ = {isa = PBXBuildFile; fileRef = 5D49A7961B3773A50092FB08 /* LaunchScreen.xib */; };
		5D49A7A41B3773A50092FB08 /* GameExperimentTests.swift in Sources */ = {isa = PBXBuildFile; fileRef = 5D49A7A31B3773A50092FB08 /* GameExperimentTests.swift */; };
		5D49A7AE1B37758D0092FB08 /* troll-face.png in Resources */ = {isa = PBXBuildFile; fileRef = 5D49A7AD1B37758D0092FB08 /* troll-face.png */; };
		5D49A7B01B38C6FF0092FB08 /* sprite-ninja-ninja.png in Resources */ = {isa = PBXBuildFile; fileRef = 5D49A7AF1B38C6FE0092FB08 /* sprite-ninja-ninja.png */; };
/* End PBXBuildFile section */

/* Begin PBXContainerItemProxy section */
		5D49A79E1B3773A50092FB08 /* PBXContainerItemProxy */ = {
			isa = PBXContainerItemProxy;
			containerPortal = 5D49A77C1B3773A50092FB08 /* Project object */;
			proxyType = 1;
			remoteGlobalIDString = 5D49A7831B3773A50092FB08;
			remoteInfo = GameExperiment;
		};
/* End PBXContainerItemProxy section */

/* Begin PBXFileReference section */
		5D49A7841B3773A50092FB08 /* GameExperiment.app */ = {isa = PBXFileReference; explicitFileType = wrapper.application; includeInIndex = 0; path = GameExperiment.app; sourceTree = BUILT_PRODUCTS_DIR; };
		5D49A7881B3773A50092FB08 /* Info.plist */ = {isa = PBXFileReference; lastKnownFileType = text.plist.xml; path = Info.plist; sourceTree = "<group>"; };
		5D49A7891B3773A50092FB08 /* AppDelegate.swift */ = {isa = PBXFileReference; lastKnownFileType = sourcecode.swift; path = AppDelegate.swift; sourceTree = "<group>"; };
		5D49A78B1B3773A50092FB08 /* GameScene.sks */ = {isa = PBXFileReference; lastKnownFileType = file.sks; path = GameScene.sks; sourceTree = "<group>"; };
		5D49A78D1B3773A50092FB08 /* GameScene.swift */ = {isa = PBXFileReference; lastKnownFileType = sourcecode.swift; path = GameScene.swift; sourceTree = "<group>"; };
		5D49A78F1B3773A50092FB08 /* GameViewController.swift */ = {isa = PBXFileReference; lastKnownFileType = sourcecode.swift; path = GameViewController.swift; sourceTree = "<group>"; };
		5D49A7921B3773A50092FB08 /* Base */ = {isa = PBXFileReference; lastKnownFileType = file.storyboard; name = Base; path = Base.lproj/Main.storyboard; sourceTree = "<group>"; };
		5D49A7941B3773A50092FB08 /* Images.xcassets */ = {isa = PBXFileReference; lastKnownFileType = folder.assetcatalog; path = Images.xcassets; sourceTree = "<group>"; };
		5D49A7971B3773A50092FB08 /* Base */ = {isa = PBXFileReference; lastKnownFileType = file.xib; name = Base; path = Base.lproj/LaunchScreen.xib; sourceTree = "<group>"; };
		5D49A79D1B3773A50092FB08 /* GameExperimentTests.xctest */ = {isa = PBXFileReference; explicitFileType = wrapper.cfbundle; includeInIndex = 0; path = GameExperimentTests.xctest; sourceTree = BUILT_PRODUCTS_DIR; };
		5D49A7A21B3773A50092FB08 /* Info.plist */ = {isa = PBXFileReference; lastKnownFileType = text.plist.xml; path = Info.plist; sourceTree = "<group>"; };
		5D49A7A31B3773A50092FB08 /* GameExperimentTests.swift */ = {isa = PBXFileReference; lastKnownFileType = sourcecode.swift; path = GameExperimentTests.swift; sourceTree = "<group>"; };
		5D49A7AD1B37758D0092FB08 /* troll-face.png */ = {isa = PBXFileReference; lastKnownFileType = image.png; path = "troll-face.png"; sourceTree = "<group>"; };
		5D49A7AF1B38C6FE0092FB08 /* sprite-ninja-ninja.png */ = {isa = PBXFileReference; lastKnownFileType = image.png; path = "sprite-ninja-ninja.png"; sourceTree = "<group>"; };
/* End PBXFileReference section */

/* Begin PBXFrameworksBuildPhase section */
		5D49A7811B3773A50092FB08 /* Frameworks */ = {
			isa = PBXFrameworksBuildPhase;
			buildActionMask = 2147483647;
			files = (
			);
			runOnlyForDeploymentPostprocessing = 0;
		};
		5D49A79A1B3773A50092FB08 /* Frameworks */ = {
			isa = PBXFrameworksBuildPhase;
			buildActionMask = 2147483647;
			files = (
			);
			runOnlyForDeploymentPostprocessing = 0;
		};
/* End PBXFrameworksBuildPhase section */

/* Begin PBXGroup section */
		5D49A77B1B3773A50092FB08 = {
			isa = PBXGroup;
			children = (
				5D49A7861B3773A50092FB08 /* GameExperiment */,
				5D49A7A01B3773A50092FB08 /* GameExperimentTests */,
				5D49A7851B3773A50092FB08 /* Products */,
			);
			sourceTree = "<group>";
		};
		5D49A7851B3773A50092FB08 /* Products */ = {
			isa = PBXGroup;
			children = (
				5D49A7841B3773A50092FB08 /* GameExperiment.app */,
				5D49A79D1B3773A50092FB08 /* GameExperimentTests.xctest */,
			);
			name = Products;
			sourceTree = "<group>";
		};
		5D49A7861B3773A50092FB08 /* GameExperiment */ = {
			isa = PBXGroup;
			children = (
				5D49A7891B3773A50092FB08 /* AppDelegate.swift */,
				5D49A78B1B3773A50092FB08 /* GameScene.sks */,
				5D49A78D1B3773A50092FB08 /* GameScene.swift */,
				5D49A78F1B3773A50092FB08 /* GameViewController.swift */,
				5D49A7911B3773A50092FB08 /* Main.storyboard */,
				5D49A7941B3773A50092FB08 /* Images.xcassets */,
				5D49A7961B3773A50092FB08 /* LaunchScreen.xib */,
				5D49A7871B3773A50092FB08 /* Supporting Files */,
			);
			path = GameExperiment;
			sourceTree = "<group>";
		};
		5D49A7871B3773A50092FB08 /* Supporting Files */ = {
			isa = PBXGroup;
			children = (
				5D49A7AF1B38C6FE0092FB08 /* sprite-ninja-ninja.png */,
				5D49A7AD1B37758D0092FB08 /* troll-face.png */,
				5D49A7881B3773A50092FB08 /* Info.plist */,
			);
			name = "Supporting Files";
			sourceTree = "<group>";
		};
		5D49A7A01B3773A50092FB08 /* GameExperimentTests */ = {
			isa = PBXGroup;
			children = (
				5D49A7A31B3773A50092FB08 /* GameExperimentTests.swift */,
				5D49A7A11B3773A50092FB08 /* Supporting Files */,
			);
			path = GameExperimentTests;
			sourceTree = "<group>";
		};
		5D49A7A11B3773A50092FB08 /* Supporting Files */ = {
			isa = PBXGroup;
			children = (
				5D49A7A21B3773A50092FB08 /* Info.plist */,
			);
			name = "Supporting Files";
			sourceTree = "<group>";
		};
/* End PBXGroup section */

/* Begin PBXNativeTarget section */
		5D49A7831B3773A50092FB08 /* GameExperiment */ = {
			isa = PBXNativeTarget;
			buildConfigurationList = 5D49A7A71B3773A50092FB08 /* Build configuration list for PBXNativeTarget "GameExperiment" */;
			buildPhases = (
				5D49A7801B3773A50092FB08 /* Sources */,
				5D49A7811B3773A50092FB08 /* Frameworks */,
				5D49A7821B3773A50092FB08 /* Resources */,
			);
			buildRules = (
			);
			dependencies = (
			);
			name = GameExperiment;
			productName = GameExperiment;
			productReference = 5D49A7841B3773A50092FB08 /* GameExperiment.app */;
			productType = "com.apple.product-type.application";
		};
		5D49A79C1B3773A50092FB08 /* GameExperimentTests */ = {
			isa = PBXNativeTarget;
			buildConfigurationList = 5D49A7AA1B3773A50092FB08 /* Build configuration list for PBXNativeTarget "GameExperimentTests" */;
			buildPhases = (
				5D49A7991B3773A50092FB08 /* Sources */,
				5D49A79A1B3773A50092FB08 /* Frameworks */,
				5D49A79B1B3773A50092FB08 /* Resources */,
			);
			buildRules = (
			);
			dependencies = (
				5D49A79F1B3773A50092FB08 /* PBXTargetDependency */,
			);
			name = GameExperimentTests;
			productName = GameExperimentTests;
			productReference = 5D49A79D1B3773A50092FB08 /* GameExperimentTests.xctest */;
			productType = "com.apple.product-type.bundle.unit-test";
		};
/* End PBXNativeTarget section */

/* Begin PBXProject section */
		5D49A77C1B3773A50092FB08 /* Project object */ = {
			isa = PBXProject;
			attributes = {
				LastUpgradeCheck = 0630;
				ORGANIZATIONNAME = "Kean Brock";
				TargetAttributes = {
					5D49A7831B3773A50092FB08 = {
						CreatedOnToolsVersion = 6.3.2;
					};
					5D49A79C1B3773A50092FB08 = {
						CreatedOnToolsVersion = 6.3.2;
						TestTargetID = 5D49A7831B3773A50092FB08;
					};
				};
			};
			buildConfigurationList = 5D49A77F1B3773A50092FB08 /* Build configuration list for PBXProject "GameExperiment" */;
			compatibilityVersion = "Xcode 3.2";
			developmentRegion = English;
			hasScannedForEncodings = 0;
			knownRegions = (
				en,
				Base,
			);
			mainGroup = 5D49A77B1B3773A50092FB08;
			productRefGroup = 5D49A7851B3773A50092FB08 /* Products */;
			projectDirPath = "";
			projectRoot = "";
			targets = (
				5D49A7831B3773A50092FB08 /* GameExperiment */,
				5D49A79C1B3773A50092FB08 /* GameExperimentTests */,
			);
		};
/* End PBXProject section */

/* Begin PBXResourcesBuildPhase section */
		5D49A7821B3773A50092FB08 /* Resources */ = {
			isa = PBXResourcesBuildPhase;
			buildActionMask = 2147483647;
			files = (
				5D49A7B01B38C6FF0092FB08 /* sprite-ninja-ninja.png in Resources */,
				5D49A7981B3773A50092FB08 /* LaunchScreen.xib in Resources */,
				5D49A7951B3773A50092FB08 /* Images.xcassets in Resources */,
				5D49A78C1B3773A50092FB08 /* GameScene.sks in Resources */,
				5D49A7931B3773A50092FB08 /* Main.storyboard in Resources */,
				5D49A7AE1B37758D0092FB08 /* troll-face.png in Resources */,
			);
			runOnlyForDeploymentPostprocessing = 0;
		};
		5D49A79B1B3773A50092FB08 /* Resources */ = {
			isa = PBXResourcesBuildPhase;
			buildActionMask = 2147483647;
			files = (
			);
			runOnlyForDeploymentPostprocessing = 0;
		};
/* End PBXResourcesBuildPhase section */

/* Begin PBXSourcesBuildPhase section */
		5D49A7801B3773A50092FB08 /* Sources */ = {
			isa = PBXSourcesBuildPhase;
			buildActionMask = 2147483647;
			files = (
				5D49A78E1B3773A50092FB08 /* GameScene.swift in Sources */,
				5D49A7901B3773A50092FB08 /* GameViewController.swift in Sources */,
				5D49A78A1B3773A50092FB08 /* AppDelegate.swift in Sources */,
			);
			runOnlyForDeploymentPostprocessing = 0;
		};
		5D49A7991B3773A50092FB08 /* Sources */ = {
			isa = PBXSourcesBuildPhase;
			buildActionMask = 2147483647;
			files = (
				5D49A7A41B3773A50092FB08 /* GameExperimentTests.swift in Sources */,
			);
			runOnlyForDeploymentPostprocessing = 0;
		};
/* End PBXSourcesBuildPhase section */

/* Begin PBXTargetDependency section */
		5D49A79F1B3773A50092FB08 /* PBXTargetDependency */ = {
			isa = PBXTargetDependency;
			target = 5D49A7831B3773A50092FB08 /* GameExperiment */;
			targetProxy = 5D49A79E1B3773A50092FB08 /* PBXContainerItemProxy */;
		};
/* End PBXTargetDependency section */

/* Begin PBXVariantGroup section */
		5D49A7911B3773A50092FB08 /* Main.storyboard */ = {
			isa = PBXVariantGroup;
			children = (
				5D49A7921B3773A50092FB08 /* Base */,
			);
			name = Main.storyboard;
			sourceTree = "<group>";
		};
		5D49A7961B3773A50092FB08 /* LaunchScreen.xib */ = {
			isa = PBXVariantGroup;
			children = (
				5D49A7971B3773A50092FB08 /* Base */,
			);
			name = LaunchScreen.xib;
			sourceTree = "<group>";
		};
/* End PBXVariantGroup section */

/* Begin XCBuildConfiguration section */
		5D49A7A51B3773A50092FB08 /* Debug */ = {
			isa = XCBuildConfiguration;
			buildSettings = {
				ALWAYS_SEARCH_USER_PATHS = NO;
				CLANG_CXX_LANGUAGE_STANDARD = "gnu++0x";
				CLANG_CXX_LIBRARY = "libc++";
				CLANG_ENABLE_MODULES = YES;
				CLANG_ENABLE_OBJC_ARC = YES;
				CLANG_WARN_BOOL_CONVERSION = YES;
				CLANG_WARN_CONSTANT_CONVERSION = YES;
				CLANG_WARN_DIRECT_OBJC_ISA_USAGE = YES_ERROR;
				CLANG_WARN_EMPTY_BODY = YES;
				CLANG_WARN_ENUM_CONVERSION = YES;
				CLANG_WARN_INT_CONVERSION = YES;
				CLANG_WARN_OBJC_ROOT_CLASS = YES_ERROR;
				CLANG_WARN_UNREACHABLE_CODE = YES;
				CLANG_WARN__DUPLICATE_METHOD_MATCH = YES;
				"CODE_SIGN_IDENTITY[sdk=iphoneos*]" = "iPhone Developer";
				COPY_PHASE_STRIP = NO;
				DEBUG_INFORMATION_FORMAT = "dwarf-with-dsym";
				ENABLE_STRICT_OBJC_MSGSEND = YES;
				GCC_C_LANGUAGE_STANDARD = gnu99;
				GCC_DYNAMIC_NO_PIC = NO;
				GCC_NO_COMMON_BLOCKS = YES;
				GCC_OPTIMIZATION_LEVEL = 0;
				GCC_PREPROCESSOR_DEFINITIONS = (
					"DEBUG=1",
					"$(inherited)",
				);
				GCC_SYMBOLS_PRIVATE_EXTERN = NO;
				GCC_WARN_64_TO_32_BIT_CONVERSION = YES;
				GCC_WARN_ABOUT_RETURN_TYPE = YES_ERROR;
				GCC_WARN_UNDECLARED_SELECTOR = YES;
				GCC_WARN_UNINITIALIZED_AUTOS = YES_AGGRESSIVE;
				GCC_WARN_UNUSED_FUNCTION = YES;
				GCC_WARN_UNUSED_VARIABLE = YES;
				IPHONEOS_DEPLOYMENT_TARGET = 8.3;
				MTL_ENABLE_DEBUG_INFO = YES;
				ONLY_ACTIVE_ARCH = YES;
				SDKROOT = iphoneos;
				SWIFT_OPTIMIZATION_LEVEL = "-Onone";
				TARGETED_DEVICE_FAMILY = "1,2";
			};
			name = Debug;
		};
		5D49A7A61B3773A50092FB08 /* Release */ = {
			isa = XCBuildConfiguration;
			buildSettings = {
				ALWAYS_SEARCH_USER_PATHS = NO;
				CLANG_CXX_LANGUAGE_STANDARD = "gnu++0x";
				CLANG_CXX_LIBRARY = "libc++";
				CLANG_ENABLE_MODULES = YES;
				CLANG_ENABLE_OBJC_ARC = YES;
				CLANG_WARN_BOOL_CONVERSION = YES;
				CLANG_WARN_CONSTANT_CONVERSION = YES;
				CLANG_WARN_DIRECT_OBJC_ISA_USAGE = YES_ERROR;
				CLANG_WARN_EMPTY_BODY = YES;
				CLANG_WARN_ENUM_CONVERSION = YES;
				CLANG_WARN_INT_CONVERSION = YES;
				CLANG_WARN_OBJC_ROOT_CLASS = YES_ERROR;
				CLANG_WARN_UNREACHABLE_CODE = YES;
				CLANG_WARN__DUPLICATE_METHOD_MATCH = YES;
				"CODE_SIGN_IDENTITY[sdk=iphoneos*]" = "iPhone Developer";
				COPY_PHASE_STRIP = NO;
				DEBUG_INFORMATION_FORMAT = "dwarf-with-dsym";
				ENABLE_NS_ASSERTIONS = NO;
				ENABLE_STRICT_OBJC_MSGSEND = YES;
				GCC_C_LANGUAGE_STANDARD = gnu99;
				GCC_NO_COMMON_BLOCKS = YES;
				GCC_WARN_64_TO_32_BIT_CONVERSION = YES;
				GCC_WARN_ABOUT_RETURN_TYPE = YES_ERROR;
				GCC_WARN_UNDECLARED_SELECTOR = YES;
				GCC_WARN_UNINITIALIZED_AUTOS = YES_AGGRESSIVE;
				GCC_WARN_UNUSED_FUNCTION = YES;
				GCC_WARN_UNUSED_VARIABLE = YES;
				IPHONEOS_DEPLOYMENT_TARGET = 8.3;
				MTL_ENABLE_DEBUG_INFO = NO;
				SDKROOT = iphoneos;
				TARGETED_DEVICE_FAMILY = "1,2";
				VALIDATE_PRODUCT = YES;
			};
			name = Release;
		};
		5D49A7A81B3773A50092FB08 /* Debug */ = {
			isa = XCBuildConfiguration;
			buildSettings = {
				ASSETCATALOG_COMPILER_APPICON_NAME = AppIcon;
				INFOPLIST_FILE = GameExperiment/Info.plist;
				LD_RUNPATH_SEARCH_PATHS = "$(inherited) @executable_path/Frameworks";
				PRODUCT_NAME = "$(TARGET_NAME)";
			};
			name = Debug;
		};
		5D49A7A91B3773A50092FB08 /* Release */ = {
			isa = XCBuildConfiguration;
			buildSettings = {
				ASSETCATALOG_COMPILER_APPICON_NAME = AppIcon;
				INFOPLIST_FILE = GameExperiment/Info.plist;
				LD_RUNPATH_SEARCH_PATHS = "$(inherited) @executable_path/Frameworks";
				PRODUCT_NAME = "$(TARGET_NAME)";
			};
			name = Release;
		};
		5D49A7AB1B3773A50092FB08 /* Debug */ = {
			isa = XCBuildConfiguration;
			buildSettings = {
				BUNDLE_LOADER = "$(TEST_HOST)";
				FRAMEWORK_SEARCH_PATHS = (
					"$(SDKROOT)/Developer/Library/Frameworks",
					"$(inherited)",
				);
				GCC_PREPROCESSOR_DEFINITIONS = (
					"DEBUG=1",
					"$(inherited)",
				);
				INFOPLIST_FILE = GameExperimentTests/Info.plist;
				LD_RUNPATH_SEARCH_PATHS = "$(inherited) @executable_path/Frameworks @loader_path/Frameworks";
				PRODUCT_NAME = "$(TARGET_NAME)";
				TEST_HOST = "$(BUILT_PRODUCTS_DIR)/GameExperiment.app/GameExperiment";
			};
			name = Debug;
		};
		5D49A7AC1B3773A50092FB08 /* Release */ = {
			isa = XCBuildConfiguration;
			buildSettings = {
				BUNDLE_LOADER = "$(TEST_HOST)";
				FRAMEWORK_SEARCH_PATHS = (
					"$(SDKROOT)/Developer/Library/Frameworks",
					"$(inherited)",
				);
				INFOPLIST_FILE = GameExperimentTests/Info.plist;
				LD_RUNPATH_SEARCH_PATHS = "$(inherited) @executable_path/Frameworks @loader_path/Frameworks";
				PRODUCT_NAME = "$(TARGET_NAME)";
				TEST_HOST = "$(BUILT_PRODUCTS_DIR)/GameExperiment.app/GameExperiment";
			};
			name = Release;
		};
/* End XCBuildConfiguration section */

/* Begin XCConfigurationList section */
		5D49A77F1B3773A50092FB08 /* Build configuration list for PBXProject "GameExperiment" */ = {
			isa = XCConfigurationList;
			buildConfigurations = (
				5D49A7A51B3773A50092FB08 /* Debug */,
				5D49A7A61B3773A50092FB08 /* Release */,
			);
			defaultConfigurationIsVisible = 0;
			defaultConfigurationName = Release;
		};
		5D49A7A71B3773A50092FB08 /* Build configuration list for PBXNativeTarget "GameExperiment" */ = {
			isa = XCConfigurationList;
			buildConfigurations = (
				5D49A7A81B3773A50092FB08 /* Debug */,
				5D49A7A91B3773A50092FB08 /* Release */,
			);
			defaultConfigurationIsVisible = 0;
		};
		5D49A7AA1B3773A50092FB08 /* Build configuration list for PBXNativeTarget "GameExperimentTests" */ = {
			isa = XCConfigurationList;
			buildConfigurations = (
				5D49A7AB1B3773A50092FB08 /* Debug */,
				5D49A7AC1B3773A50092FB08 /* Release */,
			);
			defaultConfigurationIsVisible = 0;
		};
/* End XCConfigurationList section */
	};
	rootObject = 5D49A77C1B3773A50092FB08 /* Project object */;
}
